
Microsoft Visual Studio Solution File, Format Version 12.00
Project("{FAE04EC0-301F-11D3-BF4B-00C04F79EFBC}") = "AoC2022Day1", "AoC2022Day1\AoC2022Day1.csproj", "{A0E1BF88-C53F-460C-9B53-24F250A7D5C9}"
EndProject
Project("{FAE04EC0-301F-11D3-BF4B-00C04F79EFBC}") = "AoC2022Day2", "AoC2022Day2\AoC2022Day2.csproj", "{1BC03076-6DF9-44A8-94F1-8B0C87113290}"
EndProject
Project("{FAE04EC0-301F-11D3-BF4B-00C04F79EFBC}") = "AoC2022Day3", "AoC2022Day3\AoC2022Day3.csproj", "{D37551E1-A4C8-4558-B66E-68C643A66377}"
EndProject
Project("{FAE04EC0-301F-11D3-BF4B-00C04F79EFBC}") = "AoC2022Day4", "AoC2022Day4\AoC2022Day4.csproj", "{A0A84BEC-CB9B-4231-A4F5-D4C40F1182E8}"
EndProject
Project("{FAE04EC0-301F-11D3-BF4B-00C04F79EFBC}") = "AoC2022Day5", "AoC2022Day5\AoC2022Day5.csproj", "{A5C4E902-6282-45CE-8C51-240A9F95423C}"
EndProject
Project("{FAE04EC0-301F-11D3-BF4B-00C04F79EFBC}") = "AoC2022Day6", "AoC2022Day6\AoC2022Day6.csproj", "{B4A15C0B-9A5F-4BBE-A922-6F717483FFC3}"
EndProject
Project("{FAE04EC0-301F-11D3-BF4B-00C04F79EFBC}") = "AoC2022Day7", "AoC2022Day7\AoC2022Day7.csproj", "{49571D0A-E0B5-4725-9737-93BCA087FD92}"
EndProject
Project("{FAE04EC0-301F-11D3-BF4B-00C04F79EFBC}") = "AoC2022Day8", "AoC2022Day8\AoC2022Day8.csproj", "{E3FAC8BF-2A38-484C-9702-D7C0A7D112D9}"
EndProject
Project("{FAE04EC0-301F-11D3-BF4B-00C04F79EFBC}") = "AoC2022Day9", "AoC2022Day9\AoC2022Day9.csproj", "{53182A9F-BC2E-4D8E-86D5-17FA7904FEC8}"
EndProject
Project("{FAE04EC0-301F-11D3-BF4B-00C04F79EFBC}") = "AoC2022Day9.Tests", "AoC2022Day9.Tests\AoC2022Day9.Tests.csproj", "{6B2124A9-2A14-45A7-B901-A34E05A737F4}"
EndProject
Project("{FAE04EC0-301F-11D3-BF4B-00C04F79EFBC}") = "AoC2022Day10", "AoC2022Day10\AoC2022Day10.csproj", "{934DF0FC-EAD4-4561-81E8-2A16AE54CF5D}"
EndProject
Global
	GlobalSection(SolutionConfigurationPlatforms) = preSolution
		Debug|Any CPU = Debug|Any CPU
		Release|Any CPU = Release|Any CPU
	EndGlobalSection
	GlobalSection(ProjectConfigurationPlatforms) = postSolution
		{A0E1BF88-C53F-460C-9B53-24F250A7D5C9}.Debug|Any CPU.ActiveCfg = Debug|Any CPU
		{A0E1BF88-C53F-460C-9B53-24F250A7D5C9}.Debug|Any CPU.Build.0 = Debug|Any CPU
		{A0E1BF88-C53F-460C-9B53-24F250A7D5C9}.Release|Any CPU.ActiveCfg = Release|Any CPU
		{A0E1BF88-C53F-460C-9B53-24F250A7D5C9}.Release|Any CPU.Build.0 = Release|Any CPU
		{1BC03076-6DF9-44A8-94F1-8B0C87113290}.Debug|Any CPU.ActiveCfg = Debug|Any CPU
		{1BC03076-6DF9-44A8-94F1-8B0C87113290}.Debug|Any CPU.Build.0 = Debug|Any CPU
		{1BC03076-6DF9-44A8-94F1-8B0C87113290}.Release|Any CPU.ActiveCfg = Release|Any CPU
		{1BC03076-6DF9-44A8-94F1-8B0C87113290}.Release|Any CPU.Build.0 = Release|Any CPU
		{D37551E1-A4C8-4558-B66E-68C643A66377}.Debug|Any CPU.ActiveCfg = Debug|Any CPU
		{D37551E1-A4C8-4558-B66E-68C643A66377}.Debug|Any CPU.Build.0 = Debug|Any CPU
		{D37551E1-A4C8-4558-B66E-68C643A66377}.Release|Any CPU.ActiveCfg = Release|Any CPU
		{D37551E1-A4C8-4558-B66E-68C643A66377}.Release|Any CPU.Build.0 = Release|Any CPU
		{A0A84BEC-CB9B-4231-A4F5-D4C40F1182E8}.Debug|Any CPU.ActiveCfg = Debug|Any CPU
		{A0A84BEC-CB9B-4231-A4F5-D4C40F1182E8}.Debug|Any CPU.Build.0 = Debug|Any CPU
		{A0A84BEC-CB9B-4231-A4F5-D4C40F1182E8}.Release|Any CPU.ActiveCfg = Release|Any CPU
		{A0A84BEC-CB9B-4231-A4F5-D4C40F1182E8}.Release|Any CPU.Build.0 = Release|Any CPU
		{A5C4E902-6282-45CE-8C51-240A9F95423C}.Debug|Any CPU.ActiveCfg = Debug|Any CPU
		{A5C4E902-6282-45CE-8C51-240A9F95423C}.Debug|Any CPU.Build.0 = Debug|Any CPU
		{A5C4E902-6282-45CE-8C51-240A9F95423C}.Release|Any CPU.ActiveCfg = Release|Any CPU
		{A5C4E902-6282-45CE-8C51-240A9F95423C}.Release|Any CPU.Build.0 = Release|Any CPU
		{B4A15C0B-9A5F-4BBE-A922-6F717483FFC3}.Debug|Any CPU.ActiveCfg = Debug|Any CPU
		{B4A15C0B-9A5F-4BBE-A922-6F717483FFC3}.Debug|Any CPU.Build.0 = Debug|Any CPU
		{B4A15C0B-9A5F-4BBE-A922-6F717483FFC3}.Release|Any CPU.ActiveCfg = Release|Any CPU
		{B4A15C0B-9A5F-4BBE-A922-6F717483FFC3}.Release|Any CPU.Build.0 = Release|Any CPU
		{49571D0A-E0B5-4725-9737-93BCA087FD92}.Debug|Any CPU.ActiveCfg = Debug|Any CPU
		{49571D0A-E0B5-4725-9737-93BCA087FD92}.Debug|Any CPU.Build.0 = Debug|Any CPU
		{49571D0A-E0B5-4725-9737-93BCA087FD92}.Release|Any CPU.ActiveCfg = Release|Any CPU
		{49571D0A-E0B5-4725-9737-93BCA087FD92}.Release|Any CPU.Build.0 = Release|Any CPU
		{E3FAC8BF-2A38-484C-9702-D7C0A7D112D9}.Debug|Any CPU.ActiveCfg = Debug|Any CPU
		{E3FAC8BF-2A38-484C-9702-D7C0A7D112D9}.Debug|Any CPU.Build.0 = Debug|Any CPU
		{E3FAC8BF-2A38-484C-9702-D7C0A7D112D9}.Release|Any CPU.ActiveCfg = Release|Any CPU
		{E3FAC8BF-2A38-484C-9702-D7C0A7D112D9}.Release|Any CPU.Build.0 = Release|Any CPU
		{53182A9F-BC2E-4D8E-86D5-17FA7904FEC8}.Debug|Any CPU.ActiveCfg = Debug|Any CPU
		{53182A9F-BC2E-4D8E-86D5-17FA7904FEC8}.Debug|Any CPU.Build.0 = Debug|Any CPU
		{53182A9F-BC2E-4D8E-86D5-17FA7904FEC8}.Release|Any CPU.ActiveCfg = Release|Any CPU
		{53182A9F-BC2E-4D8E-86D5-17FA7904FEC8}.Release|Any CPU.Build.0 = Release|Any CPU
		{6B2124A9-2A14-45A7-B901-A34E05A737F4}.Debug|Any CPU.ActiveCfg = Debug|Any CPU
		{6B2124A9-2A14-45A7-B901-A34E05A737F4}.Debug|Any CPU.Build.0 = Debug|Any CPU
		{6B2124A9-2A14-45A7-B901-A34E05A737F4}.Release|Any CPU.ActiveCfg = Release|Any CPU
		{6B2124A9-2A14-45A7-B901-A34E05A737F4}.Release|Any CPU.Build.0 = Release|Any CPU
		{934DF0FC-EAD4-4561-81E8-2A16AE54CF5D}.Debug|Any CPU.ActiveCfg = Debug|Any CPU
		{934DF0FC-EAD4-4561-81E8-2A16AE54CF5D}.Debug|Any CPU.Build.0 = Debug|Any CPU
		{934DF0FC-EAD4-4561-81E8-2A16AE54CF5D}.Release|Any CPU.ActiveCfg = Release|Any CPU
		{934DF0FC-EAD4-4561-81E8-2A16AE54CF5D}.Release|Any CPU.Build.0 = Release|Any CPU
	EndGlobalSection
EndGlobal
